{
  "meteor": {
    "git": "https://github.com/meteor/meteor.git",
    "tag": "release/0.8.3",
    "commit": "1b9bb206cd229fe1639d9c1f94455865000ba5c3"
  },
  "dependencies": {
    "basePackages": {
      "react-meteor": {
        "git": "https://github.com/lingz/react-meteor.git",
        "branch": "master"
      }
    },
    "packages": {
      "react-meteor": {
        "git": "https://github.com/lingz/react-meteor.git",
        "branch": "master",
        "commit": "d631bae3ffe33a101950666467bfcd96ab96606e"
      }
    }
  }
}
