{
  "dependencies": {
    "winston": {
      "version": "1.0.1",
      "dependencies": {
        "async": {
          "version": "0.9.2"
        },
        "colors": {
          "version": "1.0.3"
        },
        "cycle": {
          "version": "1.0.3"
        },
        "eyes": {
          "version": "0.1.8"
        },
        "isstream": {
          "version": "0.1.2"
        },
        "pkginfo": {
          "version": "0.3.0"
        },
        "stack-trace": {
          "version": "0.0.9"
        }
      }
    },
    "winston-mongodb": {
      "version": "1.1.2",
      "dependencies": {
        "mongodb": {
          "version": "2.0.42",
          "dependencies": {
            "mongodb-core": {
              "version": "1.2.10",
              "dependencies": {
                "bson": {
                  "version": "0.4.11"
                },
                "kerberos": {
                  "version": "0.0.12",
                  "dependencies": {
                    "nan": {
                      "version": "1.8.4"
                    }
                  }
                }
              }
            },
            "readable-stream": {
              "version": "1.0.31",
              "dependencies": {
                "core-util-is": {
                  "version": "1.0.1"
                },
                "isarray": {
                  "version": "0.0.1"
                },
                "string_decoder": {
                  "version": "0.10.31"
                },
                "inherits": {
                  "version": "2.0.1"
                }
              }
            },
            "es6-promise": {
              "version": "2.1.1"
            }
          }
        }
      }
    }
  }
}
